<?xml version="1.0" encoding="utf-8"?>
<Project ToolsVersion="4.0" xmlns="http://schemas.microsoft.com/developer/msbuild/2003">
  <ItemGroup>
    <Filter Include="Source Files">
      <UniqueIdentifier>{4FC737F1-C7A5-4376-A066-2A32D752A2FF}</UniqueIdentifier>
      <Extensions>cpp;c;cc;cxx;def;odl;idl;hpj;bat;asm;asmx</Extensions>
    </Filter>
    <Filter Include="Header Files">
      <UniqueIdentifier>{93995380-89BD-4b04-88EB-625FBE52EBFB}</UniqueIdentifier>
      <Extensions>h;hpp;hxx;hm;inl;inc;xsd</Extensions>
    </Filter>
    <Filter Include="Resource Files">
      <UniqueIdentifier>{67DA6AB6-F800-4c08-8B7A-83BB121AAD01}</UniqueIdentifier>
      <Extensions>rc;ico;cur;bmp;dlg;rc2;rct;bin;rgs;gif;jpg;jpeg;jpe;resx;tiff;tif;png;wav;mfcribbon-ms</Extensions>
    </Filter>
    <Filter Include="Header Files\HeThong">
      <UniqueIdentifier>{a55eead5-558a-4da2-a0de-75316a0055e4}</UniqueIdentifier>
    </Filter>
  </ItemGroup>
  <ItemGroup>
    <None Include="ReadMe.txt" />
    <None Include="app.ico">
      <Filter>Resource Files</Filter>
    </None>
    <None Include="app.config" />
  </ItemGroup>
  <ItemGroup>
    <ClCompile Include="SmartParkingSystem.cpp">
      <Filter>Source Files</Filter>
    </ClCompile>
    <ClCompile Include="AssemblyInfo.cpp">
      <Filter>Source Files</Filter>
    </ClCompile>
    <ClCompile Include="stdafx.cpp">
      <Filter>Source Files</Filter>
    </ClCompile>
    <ClCompile Include="frmHeThong.cpp">
      <Filter>Source Files</Filter>
    </ClCompile>
    <ClCompile Include="frmNhanXe.cpp">
      <Filter>Source Files</Filter>
    </ClCompile>
    <ClCompile Include="frmTraXe.cpp">
      <Filter>Source Files</Filter>
    </ClCompile>
    <ClCompile Include="frmVeThang.cpp">
      <Filter>Source Files</Filter>
    </ClCompile>
    <ClCompile Include="frmSoDo.cpp">
      <Filter>Source Files</Filter>
    </ClCompile>
    <ClCompile Include="frmThongKe.cpp">
      <Filter>Source Files</Filter>
    </ClCompile>
    <ClCompile Include="frmLogin.cpp">
      <Filter>Source Files</Filter>
    </ClCompile>
    <ClCompile Include="frmDatabase.cpp">
      <Filter>Source Files</Filter>
    </ClCompile>
    <ClCompile Include="DBMySQLUtils.cpp">
      <Filter>Source Files</Filter>
    </ClCompile>
    <ClCompile Include="DBUtils.cpp">
      <Filter>Source Files</Filter>
    </ClCompile>
    <ClCompile Include="connect.cpp">
      <Filter>Source Files</Filter>
    </ClCompile>
    <ClCompile Include="app_config.cpp">
      <Filter>Source Files</Filter>
    </ClCompile>
    <ClCompile Include="frmConfigDatabase.cpp">
      <Filter>Source Files</Filter>
    </ClCompile>
    <ClCompile Include="frmMain.cpp">
      <Filter>Source Files</Filter>
    </ClCompile>
    <ClCompile Include="HeThong.cpp">
      <Filter>Source Files</Filter>
    </ClCompile>
    <ClCompile Include="DA_HeThong.cpp">
      <Filter>Source Files</Filter>
    </ClCompile>
    <ClCompile Include="BUS_HeThong.cpp">
      <Filter>Source Files</Filter>
    </ClCompile>
  </ItemGroup>
  <ItemGroup>
    <ClInclude Include="stdafx.h">
      <Filter>Header Files</Filter>
    </ClInclude>
    <ClInclude Include="resource.h">
      <Filter>Header Files</Filter>
    </ClInclude>
    <ClInclude Include="frmMain.h">
      <Filter>Header Files</Filter>
    </ClInclude>
    <ClInclude Include="frmHeThong.h">
      <Filter>Header Files</Filter>
    </ClInclude>
    <ClInclude Include="frmNhanXe.h">
      <Filter>Header Files</Filter>
    </ClInclude>
    <ClInclude Include="frmTraXe.h">
      <Filter>Header Files</Filter>
    </ClInclude>
    <ClInclude Include="frmVeThang.h">
      <Filter>Header Files</Filter>
    </ClInclude>
    <ClInclude Include="frmSoDo.h">
      <Filter>Header Files</Filter>
    </ClInclude>
    <ClInclude Include="frmThongKe.h">
      <Filter>Header Files</Filter>
    </ClInclude>
    <ClInclude Include="frmLogin.h">
      <Filter>Header Files</Filter>
    </ClInclude>
    <ClInclude Include="frmDatabase.h">
      <Filter>Header Files</Filter>
    </ClInclude>
    <ClInclude Include="DBMySQLUtils.h">
      <Filter>Header Files</Filter>
    </ClInclude>
    <ClInclude Include="DBUtils.h">
      <Filter>Header Files</Filter>
    </ClInclude>
    <ClInclude Include="connect.h">
      <Filter>Header Files</Filter>
    </ClInclude>
    <ClInclude Include="app_config.h">
      <Filter>Header Files</Filter>
    </ClInclude>
    <ClInclude Include="frmConfigDatabase.h">
      <Filter>Header Files</Filter>
    </ClInclude>
    <ClInclude Include="BUS_HeThong.h">
      <Filter>Header Files\HeThong</Filter>
    </ClInclude>
    <ClInclude Include="DA_HeThong.h">
      <Filter>Header Files\HeThong</Filter>
    </ClInclude>
    <ClInclude Include="HeThong.h">
      <Filter>Header Files\HeThong</Filter>
    </ClInclude>
  </ItemGroup>
  <ItemGroup>
    <ResourceCompile Include="app.rc">
      <Filter>Resource Files</Filter>
    </ResourceCompile>
  </ItemGroup>
  <ItemGroup>
    <EmbeddedResource Include="frmMain.resX">
      <Filter>Resource Files</Filter>
    </EmbeddedResource>
    <EmbeddedResource Include="frmHeThong.resx">
      <Filter>Resource Files</Filter>
    </EmbeddedResource>
    <EmbeddedResource Include="frmNhanXe.resx">
      <Filter>Resource Files</Filter>
    </EmbeddedResource>
    <EmbeddedResource Include="frmSoDo.resx">
      <Filter>Resource Files</Filter>
    </EmbeddedResource>
    <EmbeddedResource Include="frmThongKe.resx">
      <Filter>Resource Files</Filter>
    </EmbeddedResource>
    <EmbeddedResource Include="frmTraXe.resx">
      <Filter>Resource Files</Filter>
    </EmbeddedResource>
    <EmbeddedResource Include="frmVeThang.resx">
      <Filter>Resource Files</Filter>
    </EmbeddedResource>
    <EmbeddedResource Include="frmDatabase.resx">
      <Filter>Resource Files</Filter>
    </EmbeddedResource>
    <EmbeddedResource Include="frmLogin.resx">
      <Filter>Resource Files</Filter>
    </EmbeddedResource>
    <EmbeddedResource Include="frmConfigDatabase.resx">
      <Filter>Resource Files</Filter>
    </EmbeddedResource>
  </ItemGroup>
</Project>